
Microsoft Visual Studio Solution File, Format Version 12.00
# Visual Studio Version 17
VisualStudioVersion = 17.10.35122.118
MinimumVisualStudioVersion = 10.0.40219.1
Project("{9A19103F-16F7-4668-BE54-9A1E7A4F7556}") = "ogrenciGirisSistemi", "ogrenciGirisSistemi.csproj", "{5F90F9B6-A236-44D4-A5A1-8C54C7C24E79}"
EndProject
Project("{2150E333-8FDC-42A3-9474-1A3956D46DE8}") = "Solution Items", "Solution Items", "{5AA4A422-8351-4B50-9D94-47B1729B8E68}"
	ProjectSection(SolutionItems) = preProject
		app.config = app.config
	EndProjectSection
EndProject
Global
	GlobalSection(SolutionConfigurationPlatforms) = preSolution
		Debug|Any CPU = Debug|Any CPU
		Release|Any CPU = Release|Any CPU
	EndGlobalSection
	GlobalSection(ProjectConfigurationPlatforms) = postSolution
		{5F90F9B6-A236-44D4-A5A1-8C54C7C24E79}.Debug|Any CPU.ActiveCfg = Debug|Any CPU
		{5F90F9B6-A236-44D4-A5A1-8C54C7C24E79}.Debug|Any CPU.Build.0 = Debug|Any CPU
		{5F90F9B6-A236-44D4-A5A1-8C54C7C24E79}.Release|Any CPU.ActiveCfg = Release|Any CPU
		{5F90F9B6-A236-44D4-A5A1-8C54C7C24E79}.Release|Any CPU.Build.0 = Release|Any CPU
	EndGlobalSection
	GlobalSection(SolutionProperties) = preSolution
		HideSolutionNode = FALSE
	EndGlobalSection
	GlobalSection(ExtensibilityGlobals) = postSolution
		SolutionGuid = {72DD11C6-CEDF-4A73-8711-AAE0A9B18CBD}
	EndGlobalSection
EndGlobal
